{
  "dependencies": {
    "colors": {
      "version": "0.6.2"
    },
    "connect": {
      "version": "2.0.1",
      "dependencies": {
        "qs": {
          "version": "0.4.2"
        },
        "mime": {
          "version": "1.2.4"
        },
        "formidable": {
          "version": "1.0.15"
        },
        "debug": {
          "version": "2.0.0",
          "dependencies": {
            "ms": {
              "version": "0.6.2"
            }
          }
        }
      }
    },
    "node-static": {
      "version": "0.7.3",
      "dependencies": {
        "optimist": {
          "version": "0.6.1",
          "dependencies": {
            "wordwrap": {
              "version": "0.0.2"
            },
            "minimist": {
              "version": "0.0.10"
            }
          }
        },
        "colors": {
          "version": "0.6.2"
        },
        "mime": {
          "version": "1.2.11"
        }
      }
    },
    "querystring": {
      "version": "0.2.0"
    }
  }
}
